{
    "_meta": {
        "hash": {
            "sha256": "b309e5f0cb67e319eb06f9e38194152d6a72f09edc0711cb88c439aae72ae1a9"
        },
        "pipfile-spec": 6,
        "requires": {
            "python_version": "3.7"
        },
        "sources": [
            {
                "name": "pypi",
                "url": "https://pypi.org/simple",
                "verify_ssl": true
            }
        ]
    },
    "default": {
        "debugpy": {
            "hashes": [
                "sha256:125b9a637e013f9faac0a3d6a82bd17c8b5d2c875fb6b7e2772c5aba6d082332",
                "sha256:12af2c55b419521e33d5fb21bd022df0b5eb267c3e178f1d374a63a2a6bdccd0",
                "sha256:3c6fb41c98ec51dd010d7ed650accfd07a87fe5e93eca9d5f584d0578f28f35f",
                "sha256:46ab6780159eeabb43c1495d9c84cf85d62975e48b6ec21ee10c95767c0590aa",
                "sha256:57161629133113c97b387382045649a2b985a348f0c9366e22217c87b68b73c6",
                "sha256:5d9de202f5d42e62f932507ee8b21e30d49aae7e46d5b1dd5c908db1d7068637",
                "sha256:60009b132c91951354f54363f8ebdf7457aeb150e84abba5ae251b8e9f29a8a6",
                "sha256:61eab4a4c8b6125d41a34bad4e5fe3d2cc145caecd63c3fe953be4cc53e65bf8",
                "sha256:7fb95ca78f7ac43393cd0e0f2b6deda438ec7c5e47fa5d38553340897d2fbdfb",
                "sha256:8cd0197141eb9e8a4566794550cfdcdb8b3db0818bdf8c49a8e8f8053e56e38b",
                "sha256:9c9b0ac1ce2a42888199df1a1906e45e6f3c9555497643a85e0bf2406e3ffbc4",
                "sha256:a64093656c4c64dc6a438e11d59369875d200bd5abb8f9b26c1f5f723622e153",
                "sha256:a8b7a2fd27cd9f3553ac112f356ad4ca93338feadd8910277aff71ab24d8775f",
                "sha256:b05a6b503ed520ad58c8dc682749113d2fd9f41ffd45daec16e558ca884008cd",
                "sha256:bdc5ef99d14b9c0fcb35351b4fbfc06ac0ee576aeab6b2511702e5a648a2e595",
                "sha256:e3412f9faa9ade82aa64a50b602544efcba848c91384e9f93497a458767e6926",
                "sha256:ef54404365fae8d45cf450d0544ee40cefbcb9cb85ea7afe89a963c27028261e",
                "sha256:ef9ab7df0b9a42ed9c878afd3eaaff471fce3fa73df96022e1f5c9f8f8c87ada"
            ],
            "index": "pypi",
            "markers": "python_version >= '3.8'",
            "version": "==1.8.0"
        },
        "frida": {
            "hashes": [
                "sha256:281ac1af6c9e0b24e9ed31afe7cee84f76007c1a6c788f3545548068870a6de5",
                "sha256:314d5f9e8724a8cf780411aa91307419c7c328dc90e5c15109a9f27479269242",
                "sha256:9673f02b74670273443513e4453ed29bfbd979b1a8cb83423730e38d61857b45",
                "sha256:b5931bd46236575d7d6e9e3f2c44fa3a839a3be6be69bb3d27b2ae03606fa48c",
                "sha256:bb9f4ac84b7e454a0de8ad044ba447f3691c4957886b96af03e72de552c1fa7e",
                "sha256:bd9fdd9cb8ce9f7f525482cdb65aaaeea571650307a606172dfcec2d328dc8f8",
                "sha256:d9715d262791803df4091838b661e0a7c8b63466462eb055ce4f3b2b04df5807",
                "sha256:dd674178d15037af013265cddaed665d1011d0dbb1d5ec2a8b3eebcc796ce6ec",
                "sha256:fd6887e7327abaf9a7c4afbfd5c793d429001c2307b6d9179bea7f7414ff6859"
            ],
            "index": "pypi",
            "markers": "python_version >= '3.7'",
            "version": "==16.1.10"
        },
        "psutil": {
            "hashes": [
                "sha256:032f4f2c909818c86cea4fe2cc407f1c0f0cde8e6c6d702b28b8ce0c0d143340",
                "sha256:0bd41bf2d1463dfa535942b2a8f0e958acf6607ac0be52265ab31f7923bcd5e6",
                "sha256:1132704b876e58d277168cd729d64750633d5ff0183acf5b3c986b8466cd0284",
                "sha256:1d4bc4a0148fdd7fd8f38e0498639ae128e64538faa507df25a20f8f7fb2341c",
                "sha256:3c4747a3e2ead1589e647e64aad601981f01b68f9398ddf94d01e3dc0d1e57c7",
                "sha256:3f02134e82cfb5d089fddf20bb2e03fd5cd52395321d1c8458a9e58500ff417c",
                "sha256:44969859757f4d8f2a9bd5b76eba8c3099a2c8cf3992ff62144061e39ba8568e",
                "sha256:4c03362e280d06bbbfcd52f29acd79c733e0af33d707c54255d21029b8b32ba6",
                "sha256:5794944462509e49d4d458f4dbfb92c47539e7d8d15c796f141f474010084056",
                "sha256:b27f8fdb190c8c03914f908a4555159327d7481dac2f01008d483137ef3311a9",
                "sha256:c727ca5a9b2dd5193b8644b9f0c883d54f1248310023b5ad3e92036c5e2ada68",
                "sha256:e469990e28f1ad738f65a42dcfc17adaed9d0f325d55047593cb9033a0ab63df",
                "sha256:ea36cc62e69a13ec52b2f625c27527f6e4479bca2b340b7a452af55b34fcbe2e",
                "sha256:f37f87e4d73b79e6c5e749440c3113b81d1ee7d26f21c19c47371ddea834f414",
                "sha256:fe361f743cb3389b8efda21980d93eb55c1f1e3898269bc9a2a1d0bb7b1f6508",
                "sha256:fe8b7f07948f1304497ce4f4684881250cd859b16d06a1dc4d7941eeb6233bfe"
            ],
            "index": "pypi",
            "markers": "python_version >= '2.7' and python_version not in '3.0, 3.1, 3.2, 3.3, 3.4, 3.5'",
            "version": "==5.9.7"
        }
    },
    "develop": {}
}
